
Microsoft Visual Studio Solution File, Format Version 12.00
# Visual Studio Version 17
VisualStudioVersion = 17.1.32407.343
MinimumVisualStudioVersion = 10.0.40219.1
Project("{8BC9CEB8-8B4A-11D0-8D11-00A0C91BC942}") = "Lab08", "Lab08.vcxproj", "{E70BECB6-3FC5-4588-95BF-0BBA1F14C755}"
EndProject
Global
	GlobalSection(SolutionConfigurationPlatforms) = preSolution
		Debug|x64 = Debug|x64
		Debug|x86 = Debug|x86
		Release|x64 = Release|x64
		Release|x86 = Release|x86
	EndGlobalSection
	GlobalSection(ProjectConfigurationPlatforms) = postSolution
		{E70BECB6-3FC5-4588-95BF-0BBA1F14C755}.Debug|x64.ActiveCfg = Debug|x64
		{E70BECB6-3FC5-4588-95BF-0BBA1F14C755}.Debug|x64.Build.0 = Debug|x64
		{E70BECB6-3FC5-4588-95BF-0BBA1F14C755}.Debug|x86.ActiveCfg = Debug|Win32
		{E70BECB6-3FC5-4588-95BF-0BBA1F14C755}.Debug|x86.Build.0 = Debug|Win32
		{E70BECB6-3FC5-4588-95BF-0BBA1F14C755}.Release|x64.ActiveCfg = Release|x64
		{E70BECB6-3FC5-4588-95BF-0BBA1F14C755}.Release|x64.Build.0 = Release|x64
		{E70BECB6-3FC5-4588-95BF-0BBA1F14C755}.Release|x86.ActiveCfg = Release|Win32
		{E70BECB6-3FC5-4588-95BF-0BBA1F14C755}.Release|x86.Build.0 = Release|Win32
	EndGlobalSection
	GlobalSection(SolutionProperties) = preSolution
		HideSolutionNode = FALSE
	EndGlobalSection
	GlobalSection(ExtensibilityGlobals) = postSolution
		SolutionGuid = {789238A3-1FF5-483B-A381-202C7195D672}
	EndGlobalSection
EndGlobal
